
Microsoft Visual Studio Solution File, Format Version 12.00
# Visual Studio Version 16
VisualStudioVersion = 16.0.32802.440
MinimumVisualStudioVersion = 10.0.40219.1
Project("{9A19103F-16F7-4668-BE54-9A1E7A4F7556}") = "BookListRajor", "BookListRajor\BookListRajor.csproj", "{4A821F1A-93ED-4685-8A46-B25BCB8EDAE3}"
EndProject
Global
	GlobalSection(SolutionConfigurationPlatforms) = preSolution
		Debug|Any CPU = Debug|Any CPU
		Release|Any CPU = Release|Any CPU
	EndGlobalSection
	GlobalSection(ProjectConfigurationPlatforms) = postSolution
		{4A821F1A-93ED-4685-8A46-B25BCB8EDAE3}.Debug|Any CPU.ActiveCfg = Debug|Any CPU
		{4A821F1A-93ED-4685-8A46-B25BCB8EDAE3}.Debug|Any CPU.Build.0 = Debug|Any CPU
		{4A821F1A-93ED-4685-8A46-B25BCB8EDAE3}.Release|Any CPU.ActiveCfg = Release|Any CPU
		{4A821F1A-93ED-4685-8A46-B25BCB8EDAE3}.Release|Any CPU.Build.0 = Release|Any CPU
	EndGlobalSection
	GlobalSection(SolutionProperties) = preSolution
		HideSolutionNode = FALSE
	EndGlobalSection
	GlobalSection(ExtensibilityGlobals) = postSolution
		SolutionGuid = {9E376A01-FDE6-4155-A4D0-1BDB4390D22A}
	EndGlobalSection
EndGlobal
